
Microsoft Visual Studio Solution File, Format Version 12.00
# Visual Studio 14
VisualStudioVersion = 14.0.23107.0
MinimumVisualStudioVersion = 10.0.40219.1
Project("{FAE04EC0-301F-11D3-BF4B-00C04F79EFBC}") = "EndlessDialogs", "EndlessDialogs\EndlessDialogs.csproj", "{22D10F55-CDAA-4360-B103-26D4280594C9}"
EndProject
Project("{FAE04EC0-301F-11D3-BF4B-00C04F79EFBC}") = "EndlessDialogs.Tests", "EndlessDialogs.Tests\EndlessDialogs.Tests.csproj", "{F21F2300-9FAA-4400-8B68-660F34D83DBA}"
EndProject
Project("{FAE04EC0-301F-11D3-BF4B-00C04F79EFBC}") = "EndlessDialogs.WpfDemo", "EndlessDialogs.WpfDemo\EndlessDialogs.WpfDemo.csproj", "{BE085BAE-5B57-4C46-9D4C-88403B50A1E2}"
EndProject
Global
	GlobalSection(SolutionConfigurationPlatforms) = preSolution
		Debug|Any CPU = Debug|Any CPU
		Release|Any CPU = Release|Any CPU
	EndGlobalSection
	GlobalSection(ProjectConfigurationPlatforms) = postSolution
		{22D10F55-CDAA-4360-B103-26D4280594C9}.Debug|Any CPU.ActiveCfg = Debug|Any CPU
		{22D10F55-CDAA-4360-B103-26D4280594C9}.Debug|Any CPU.Build.0 = Debug|Any CPU
		{22D10F55-CDAA-4360-B103-26D4280594C9}.Release|Any CPU.ActiveCfg = Release|Any CPU
		{22D10F55-CDAA-4360-B103-26D4280594C9}.Release|Any CPU.Build.0 = Release|Any CPU
		{F21F2300-9FAA-4400-8B68-660F34D83DBA}.Debug|Any CPU.ActiveCfg = Debug|Any CPU
		{F21F2300-9FAA-4400-8B68-660F34D83DBA}.Debug|Any CPU.Build.0 = Debug|Any CPU
		{F21F2300-9FAA-4400-8B68-660F34D83DBA}.Release|Any CPU.ActiveCfg = Release|Any CPU
		{F21F2300-9FAA-4400-8B68-660F34D83DBA}.Release|Any CPU.Build.0 = Release|Any CPU
		{BE085BAE-5B57-4C46-9D4C-88403B50A1E2}.Debug|Any CPU.ActiveCfg = Debug|Any CPU
		{BE085BAE-5B57-4C46-9D4C-88403B50A1E2}.Debug|Any CPU.Build.0 = Debug|Any CPU
		{BE085BAE-5B57-4C46-9D4C-88403B50A1E2}.Release|Any CPU.ActiveCfg = Release|Any CPU
		{BE085BAE-5B57-4C46-9D4C-88403B50A1E2}.Release|Any CPU.Build.0 = Release|Any CPU
	EndGlobalSection
	GlobalSection(SolutionProperties) = preSolution
		HideSolutionNode = FALSE
	EndGlobalSection
EndGlobal
